
Microsoft Visual Studio Solution File, Format Version 12.00
# Visual Studio Version 17
VisualStudioVersion = 17.8.34330.188
MinimumVisualStudioVersion = 10.0.40219.1
Project("{9A19103F-16F7-4668-BE54-9A1E7A4F7556}") = "ConsoleUI", "ConsoleUI\ConsoleUI.csproj", "{F6825400-48E9-4F8B-A58E-F67218A494A1}"
EndProject
Project("{9A19103F-16F7-4668-BE54-9A1E7A4F7556}") = "Entities", "Entities\Entities.csproj", "{11E73116-A512-4BDF-B979-B20F03B686C5}"
EndProject
Project("{9A19103F-16F7-4668-BE54-9A1E7A4F7556}") = "Business", "Business\Business.csproj", "{6D4A203E-17C0-4184-ABE4-ED6F7F6658CF}"
	ProjectSection(ProjectDependencies) = postProject
		{D6DB0A32-6DCA-4C6F-B967-83907AE30012} = {D6DB0A32-6DCA-4C6F-B967-83907AE30012}
	EndProjectSection
EndProject
Project("{9A19103F-16F7-4668-BE54-9A1E7A4F7556}") = "Core", "Core\Core.csproj", "{D6DB0A32-6DCA-4C6F-B967-83907AE30012}"
EndProject
Project("{9A19103F-16F7-4668-BE54-9A1E7A4F7556}") = "DataAccess", "DataAccess\DataAccess.csproj", "{BD28DE9F-BAB6-453A-A8F9-00ECF5DEF335}"
EndProject
Project("{FAE04EC0-301F-11D3-BF4B-00C04F79EFBC}") = "WebAPI", "WebAPI\WebAPI.csproj", "{3A0D6F38-A711-4924-9237-38666C49D77D}"
EndProject
Global
	GlobalSection(SolutionConfigurationPlatforms) = preSolution
		Debug|Any CPU = Debug|Any CPU
		Release|Any CPU = Release|Any CPU
	EndGlobalSection
	GlobalSection(ProjectConfigurationPlatforms) = postSolution
		{F6825400-48E9-4F8B-A58E-F67218A494A1}.Debug|Any CPU.ActiveCfg = Debug|Any CPU
		{F6825400-48E9-4F8B-A58E-F67218A494A1}.Debug|Any CPU.Build.0 = Debug|Any CPU
		{F6825400-48E9-4F8B-A58E-F67218A494A1}.Release|Any CPU.ActiveCfg = Release|Any CPU
		{F6825400-48E9-4F8B-A58E-F67218A494A1}.Release|Any CPU.Build.0 = Release|Any CPU
		{11E73116-A512-4BDF-B979-B20F03B686C5}.Debug|Any CPU.ActiveCfg = Debug|Any CPU
		{11E73116-A512-4BDF-B979-B20F03B686C5}.Debug|Any CPU.Build.0 = Debug|Any CPU
		{11E73116-A512-4BDF-B979-B20F03B686C5}.Release|Any CPU.ActiveCfg = Release|Any CPU
		{11E73116-A512-4BDF-B979-B20F03B686C5}.Release|Any CPU.Build.0 = Release|Any CPU
		{6D4A203E-17C0-4184-ABE4-ED6F7F6658CF}.Debug|Any CPU.ActiveCfg = Debug|Any CPU
		{6D4A203E-17C0-4184-ABE4-ED6F7F6658CF}.Debug|Any CPU.Build.0 = Debug|Any CPU
		{6D4A203E-17C0-4184-ABE4-ED6F7F6658CF}.Release|Any CPU.ActiveCfg = Release|Any CPU
		{6D4A203E-17C0-4184-ABE4-ED6F7F6658CF}.Release|Any CPU.Build.0 = Release|Any CPU
		{D6DB0A32-6DCA-4C6F-B967-83907AE30012}.Debug|Any CPU.ActiveCfg = Debug|Any CPU
		{D6DB0A32-6DCA-4C6F-B967-83907AE30012}.Debug|Any CPU.Build.0 = Debug|Any CPU
		{D6DB0A32-6DCA-4C6F-B967-83907AE30012}.Release|Any CPU.ActiveCfg = Release|Any CPU
		{D6DB0A32-6DCA-4C6F-B967-83907AE30012}.Release|Any CPU.Build.0 = Release|Any CPU
		{BD28DE9F-BAB6-453A-A8F9-00ECF5DEF335}.Debug|Any CPU.ActiveCfg = Debug|Any CPU
		{BD28DE9F-BAB6-453A-A8F9-00ECF5DEF335}.Debug|Any CPU.Build.0 = Debug|Any CPU
		{BD28DE9F-BAB6-453A-A8F9-00ECF5DEF335}.Release|Any CPU.ActiveCfg = Release|Any CPU
		{BD28DE9F-BAB6-453A-A8F9-00ECF5DEF335}.Release|Any CPU.Build.0 = Release|Any CPU
		{3A0D6F38-A711-4924-9237-38666C49D77D}.Debug|Any CPU.ActiveCfg = Debug|Any CPU
		{3A0D6F38-A711-4924-9237-38666C49D77D}.Debug|Any CPU.Build.0 = Debug|Any CPU
		{3A0D6F38-A711-4924-9237-38666C49D77D}.Release|Any CPU.ActiveCfg = Release|Any CPU
		{3A0D6F38-A711-4924-9237-38666C49D77D}.Release|Any CPU.Build.0 = Release|Any CPU
	EndGlobalSection
	GlobalSection(SolutionProperties) = preSolution
		HideSolutionNode = FALSE
	EndGlobalSection
	GlobalSection(ExtensibilityGlobals) = postSolution
		SolutionGuid = {20F8BD3F-4230-434C-BB17-7E8AEA66B5D9}
	EndGlobalSection
EndGlobal
